// !$*UTF8*$!
{
	archiveVersion = 1;
	classes = {
	};
	objectVersion = 45;
	objects = {

/* Begin PBXBuildFile section */
		1D3623260D0F684500981E51 /* AppDelegate.m in Sources */ = {isa = PBXBuildFile; fileRef = 1D3623250D0F684500981E51 /* AppDelegate.m */; };
		1D60589B0D05DD56006BFB54 /* main.m in Sources */ = {isa = PBXBuildFile; fileRef = 29B97316FDCFA39411CA2CEA /* main.m */; };
		28AD73600D9D9599002E5188 /* MainWindow.xib in Resources */ = {isa = PBXBuildFile; fileRef = 28AD735F0D9D9599002E5188 /* MainWindow.xib */; };
		28C286E10D94DF7D0034E888 /* RootViewController.m in Sources */ = {isa = PBXBuildFile; fileRef = 28C286E00D94DF7D0034E888 /* RootViewController.m */; };
		28F335F11007B36200424DE2 /* MainViewController.xib in Resources */ = {isa = PBXBuildFile; fileRef = 28F335F01007B36200424DE2 /* MainViewController.xib */; };
		4309834311D63086003AA017 /* ActivityView.m in Sources */ = {isa = PBXBuildFile; fileRef = 4309834211D63086003AA017 /* ActivityView.m */; };
		4309839111D6356D003AA017 /* NoResultsView.m in Sources */ = {isa = PBXBuildFile; fileRef = 4309839011D6356D003AA017 /* NoResultsView.m */; };
		43363BFA11EB924D00114DD6 /* RhymeTimeTTStyleSheet.m in Sources */ = {isa = PBXBuildFile; fileRef = 43363BF911EB924D00114DD6 /* RhymeTimeTTStyleSheet.m */; };
		434D3CED11B700B6004D7867 /* iPhoneArrow.png in Resources */ = {isa = PBXBuildFile; fileRef = 434D3CEC11B700B6004D7867 /* iPhoneArrow.png */; };
		43650AF011F61DC700E7F6A6 /* MainViewController.m in Sources */ = {isa = PBXBuildFile; fileRef = 43650AEF11F61DC700E7F6A6 /* MainViewController.m */; };
		4394AEFD11A9B2B800BE9DEC /* CoreData.framework in Frameworks */ = {isa = PBXBuildFile; fileRef = 4394AEFC11A9B2B800BE9DEC /* CoreData.framework */; };
		4394AEFF11A9B2B800BE9DEC /* CoreGraphics.framework in Frameworks */ = {isa = PBXBuildFile; fileRef = 4394AEFE11A9B2B800BE9DEC /* CoreGraphics.framework */; };
		4394AF0111A9B2B800BE9DEC /* Foundation.framework in Frameworks */ = {isa = PBXBuildFile; fileRef = 4394AF0011A9B2B800BE9DEC /* Foundation.framework */; };
		4394AF0311A9B2B800BE9DEC /* QuartzCore.framework in Frameworks */ = {isa = PBXBuildFile; fileRef = 4394AF0211A9B2B800BE9DEC /* QuartzCore.framework */; };
		4394AF0511A9B2B800BE9DEC /* UIKit.framework in Frameworks */ = {isa = PBXBuildFile; fileRef = 4394AF0411A9B2B800BE9DEC /* UIKit.framework */; };
		43B81FA91205CCD200C72ED6 /* Album.m in Sources */ = {isa = PBXBuildFile; fileRef = 43B81FA01205CCD200C72ED6 /* Album.m */; };
		43B81FAA1205CCD200C72ED6 /* Artist.m in Sources */ = {isa = PBXBuildFile; fileRef = 43B81FA21205CCD200C72ED6 /* Artist.m */; };
		43B81FAB1205CCD200C72ED6 /* Rhyme.m in Sources */ = {isa = PBXBuildFile; fileRef = 43B81FA41205CCD200C72ED6 /* Rhyme.m */; };
		43B81FAC1205CCD200C72ED6 /* RhymePart.m in Sources */ = {isa = PBXBuildFile; fileRef = 43B81FA61205CCD200C72ED6 /* RhymePart.m */; };
		43B81FAD1205CCD200C72ED6 /* Song.m in Sources */ = {isa = PBXBuildFile; fileRef = 43B81FA81205CCD200C72ED6 /* Song.m */; };
		43DC8CEE11CEB80B009EBD46 /* icon.png in Resources */ = {isa = PBXBuildFile; fileRef = 43DC8CEC11CEB80B009EBD46 /* icon.png */; };
		43DC8D0A11CEBA84009EBD46 /* header.png in Resources */ = {isa = PBXBuildFile; fileRef = 43DC8D0911CEBA84009EBD46 /* header.png */; };
		43DC8D5E11CEC925009EBD46 /* rhymeTime.sqlite in Resources */ = {isa = PBXBuildFile; fileRef = 43DC8D5D11CEC925009EBD46 /* rhymeTime.sqlite */; };
		46321230119EA0F300222659 /* RhymeDetailViewController.xib in Resources */ = {isa = PBXBuildFile; fileRef = 4632122F119EA0F300222659 /* RhymeDetailViewController.xib */; };
		46321235119EA15300222659 /* RhymeDetailViewController.m in Sources */ = {isa = PBXBuildFile; fileRef = 46321234119EA15300222659 /* RhymeDetailViewController.m */; };
		468576B911A0255900814B9E /* DataAccess.m in Sources */ = {isa = PBXBuildFile; fileRef = 468576B011A0255900814B9E /* DataAccess.m */; };
		468576BA11A0255900814B9E /* HtmlBuilder.m in Sources */ = {isa = PBXBuildFile; fileRef = 468576B111A0255900814B9E /* HtmlBuilder.m */; };
		468576BE11A0257100814B9E /* rhymeTimeIPhonePrototype.xcdatamodel in Sources */ = {isa = PBXBuildFile; fileRef = 468576BC11A0257100814B9E /* rhymeTimeIPhonePrototype.xcdatamodel */; };
		46A0E86211E311C700FD2C7C /* AccDisclosure.png in Resources */ = {isa = PBXBuildFile; fileRef = 46A0E86111E311C700FD2C7C /* AccDisclosure.png */; };
		46A0EE4511E9EAAC00FD2C7C /* libThree20.a in Frameworks */ = {isa = PBXBuildFile; fileRef = 46A0EDF911E9EA0F00FD2C7C /* libThree20.a */; };
		46A0EE4611E9EAAD00FD2C7C /* libThree20Core.a in Frameworks */ = {isa = PBXBuildFile; fileRef = 46A0EE2411E9EA6A00FD2C7C /* libThree20Core.a */; };
		46A0EE4711E9EAAE00FD2C7C /* libThree20Network.a in Frameworks */ = {isa = PBXBuildFile; fileRef = 46A0EE2A11E9EA6A00FD2C7C /* libThree20Network.a */; };
		46A0EE4811E9EAAF00FD2C7C /* libThree20Style.a in Frameworks */ = {isa = PBXBuildFile; fileRef = 46A0EE3011E9EA6A00FD2C7C /* libThree20Style.a */; };
		46A0EE4911E9EAB000FD2C7C /* libThree20UI.a in Frameworks */ = {isa = PBXBuildFile; fileRef = 46A0EE4211E9EA6A00FD2C7C /* libThree20UI.a */; };
		46A0EE4A11E9EAB100FD2C7C /* libThree20UICommon.a in Frameworks */ = {isa = PBXBuildFile; fileRef = 46A0EE3611E9EA6A00FD2C7C /* libThree20UICommon.a */; };
		46A0EE4B11E9EAB300FD2C7C /* libThree20UINavigator.a in Frameworks */ = {isa = PBXBuildFile; fileRef = 46A0EE3C11E9EA6A00FD2C7C /* libThree20UINavigator.a */; };
		46A0EE5E11E9EB5700FD2C7C /* Three20.bundle in Resources */ = {isa = PBXBuildFile; fileRef = 46A0EE5D11E9EB5700FD2C7C /* Three20.bundle */; };
/* End PBXBuildFile section */

/* Begin PBXContainerItemProxy section */
		46A0EDF811E9EA0F00FD2C7C /* PBXContainerItemProxy */ = {
			isa = PBXContainerItemProxy;
			containerPortal = 46A0EDCD11E9EA0E00FD2C7C /* Three20.xcodeproj */;
			proxyType = 2;
			remoteGlobalIDString = BEF31F3A0F352DF5000DE5D2;
			remoteInfo = Three20;
		};
		46A0EDFA11E9EA0F00FD2C7C /* PBXContainerItemProxy */ = {
			isa = PBXContainerItemProxy;
			containerPortal = 46A0EDCD11E9EA0E00FD2C7C /* Three20.xcodeproj */;
			proxyType = 2;
			remoteGlobalIDString = EB9E6C6210B6A8F800DE563C;
			remoteInfo = UnitTests;
		};
		46A0EE2311E9EA6A00FD2C7C /* PBXContainerItemProxy */ = {
			isa = PBXContainerItemProxy;
			containerPortal = 46A0EE0F11E9EA6A00FD2C7C /* Three20Core.xcodeproj */;
			proxyType = 2;
			remoteGlobalIDString = BEF31F3A0F352DF5000DE5D2;
			remoteInfo = Three20Core;
		};
		46A0EE2511E9EA6A00FD2C7C /* PBXContainerItemProxy */ = {
			isa = PBXContainerItemProxy;
			containerPortal = 46A0EE0F11E9EA6A00FD2C7C /* Three20Core.xcodeproj */;
			proxyType = 2;
			remoteGlobalIDString = EB9E6C6210B6A8F800DE563C;
			remoteInfo = UnitTests;
		};
		46A0EE2911E9EA6A00FD2C7C /* PBXContainerItemProxy */ = {
			isa = PBXContainerItemProxy;
			containerPortal = 46A0EE1211E9EA6A00FD2C7C /* Three20Network.xcodeproj */;
			proxyType = 2;
			remoteGlobalIDString = BEF31F3A0F352DF5000DE5D2;
			remoteInfo = Three20Network;
		};
		46A0EE2B11E9EA6A00FD2C7C /* PBXContainerItemProxy */ = {
			isa = PBXContainerItemProxy;
			containerPortal = 46A0EE1211E9EA6A00FD2C7C /* Three20Network.xcodeproj */;
			proxyType = 2;
			remoteGlobalIDString = EB9E6C6210B6A8F800DE563C;
			remoteInfo = UnitTests;
		};
		46A0EE2F11E9EA6A00FD2C7C /* PBXContainerItemProxy */ = {
			isa = PBXContainerItemProxy;
			containerPortal = 46A0EE1511E9EA6A00FD2C7C /* Three20Style.xcodeproj */;
			proxyType = 2;
			remoteGlobalIDString = BEF31F3A0F352DF5000DE5D2;
			remoteInfo = Three20Style;
		};
		46A0EE3111E9EA6A00FD2C7C /* PBXContainerItemProxy */ = {
			isa = PBXContainerItemProxy;
			containerPortal = 46A0EE1511E9EA6A00FD2C7C /* Three20Style.xcodeproj */;
			proxyType = 2;
			remoteGlobalIDString = EB9E6C6210B6A8F800DE563C;
			remoteInfo = UnitTests;
		};
		46A0EE3511E9EA6A00FD2C7C /* PBXContainerItemProxy */ = {
			isa = PBXContainerItemProxy;
			containerPortal = 46A0EE1811E9EA6A00FD2C7C /* Three20UICommon.xcodeproj */;
			proxyType = 2;
			remoteGlobalIDString = BEF31F3A0F352DF5000DE5D2;
			remoteInfo = Three20UICommon;
		};
		46A0EE3711E9EA6A00FD2C7C /* PBXContainerItemProxy */ = {
			isa = PBXContainerItemProxy;
			containerPortal = 46A0EE1811E9EA6A00FD2C7C /* Three20UICommon.xcodeproj */;
			proxyType = 2;
			remoteGlobalIDString = EB9E6C6210B6A8F800DE563C;
			remoteInfo = UnitTests;
		};
		46A0EE3B11E9EA6A00FD2C7C /* PBXContainerItemProxy */ = {
			isa = PBXContainerItemProxy;
			containerPortal = 46A0EE1B11E9EA6A00FD2C7C /* Three20UINavigator.xcodeproj */;
			proxyType = 2;
			remoteGlobalIDString = BEF31F3A0F352DF5000DE5D2;
			remoteInfo = Three20UINavigator;
		};
		46A0EE3D11E9EA6A00FD2C7C /* PBXContainerItemProxy */ = {
			isa = PBXContainerItemProxy;
			containerPortal = 46A0EE1B11E9EA6A00FD2C7C /* Three20UINavigator.xcodeproj */;
			proxyType = 2;
			remoteGlobalIDString = EB9E6C6210B6A8F800DE563C;
			remoteInfo = UnitTests;
		};
		46A0EE4111E9EA6A00FD2C7C /* PBXContainerItemProxy */ = {
			isa = PBXContainerItemProxy;
			containerPortal = 46A0EE1E11E9EA6A00FD2C7C /* Three20UI.xcodeproj */;
			proxyType = 2;
			remoteGlobalIDString = BEF31F3A0F352DF5000DE5D2;
			remoteInfo = Three20UI;
		};
		46A0EE4311E9EA6A00FD2C7C /* PBXContainerItemProxy */ = {
			isa = PBXContainerItemProxy;
			containerPortal = 46A0EE1E11E9EA6A00FD2C7C /* Three20UI.xcodeproj */;
			proxyType = 2;
			remoteGlobalIDString = EB9E6C6210B6A8F800DE563C;
			remoteInfo = UnitTests;
		};
		46A0EE4E11E9EAF600FD2C7C /* PBXContainerItemProxy */ = {
			isa = PBXContainerItemProxy;
			containerPortal = 46A0EDCD11E9EA0E00FD2C7C /* Three20.xcodeproj */;
			proxyType = 1;
			remoteGlobalIDString = BEF31F390F352DF5000DE5D2;
			remoteInfo = Three20;
		};
		46A0EE5011E9EAF600FD2C7C /* PBXContainerItemProxy */ = {
			isa = PBXContainerItemProxy;
			containerPortal = 46A0EE0F11E9EA6A00FD2C7C /* Three20Core.xcodeproj */;
			proxyType = 1;
			remoteGlobalIDString = BEF31F390F352DF5000DE5D2;
			remoteInfo = Three20Core;
		};
		46A0EE5211E9EAF600FD2C7C /* PBXContainerItemProxy */ = {
			isa = PBXContainerItemProxy;
			containerPortal = 46A0EE1211E9EA6A00FD2C7C /* Three20Network.xcodeproj */;
			proxyType = 1;
			remoteGlobalIDString = BEF31F390F352DF5000DE5D2;
			remoteInfo = Three20Network;
		};
		46A0EE5411E9EAF600FD2C7C /* PBXContainerItemProxy */ = {
			isa = PBXContainerItemProxy;
			containerPortal = 46A0EE1511E9EA6A00FD2C7C /* Three20Style.xcodeproj */;
			proxyType = 1;
			remoteGlobalIDString = BEF31F390F352DF5000DE5D2;
			remoteInfo = Three20Style;
		};
		46A0EE5611E9EAF600FD2C7C /* PBXContainerItemProxy */ = {
			isa = PBXContainerItemProxy;
			containerPortal = 46A0EE1811E9EA6A00FD2C7C /* Three20UICommon.xcodeproj */;
			proxyType = 1;
			remoteGlobalIDString = BEF31F390F352DF5000DE5D2;
			remoteInfo = Three20UICommon;
		};
		46A0EE5811E9EAF600FD2C7C /* PBXContainerItemProxy */ = {
			isa = PBXContainerItemProxy;
			containerPortal = 46A0EE1B11E9EA6A00FD2C7C /* Three20UINavigator.xcodeproj */;
			proxyType = 1;
			remoteGlobalIDString = BEF31F390F352DF5000DE5D2;
			remoteInfo = Three20UINavigator;
		};
		46A0EE5A11E9EAF600FD2C7C /* PBXContainerItemProxy */ = {
			isa = PBXContainerItemProxy;
			containerPortal = 46A0EE1E11E9EA6A00FD2C7C /* Three20UI.xcodeproj */;
			proxyType = 1;
			remoteGlobalIDString = BEF31F390F352DF5000DE5D2;
			remoteInfo = Three20UI;
		};
/* End PBXContainerItemProxy section */

/* Begin PBXFileReference section */
		1D3623240D0F684500981E51 /* AppDelegate.h */ = {isa = PBXFileReference; fileEncoding = 4; lastKnownFileType = sourcecode.c.h; path = AppDelegate.h; sourceTree = "<group>"; };
		1D3623250D0F684500981E51 /* AppDelegate.m */ = {isa = PBXFileReference; fileEncoding = 4; lastKnownFileType = sourcecode.c.objc; path = AppDelegate.m; sourceTree = "<group>"; };
		1D6058910D05DD3D006BFB54 /* RhymeTime.app */ = {isa = PBXFileReference; explicitFileType = wrapper.application; includeInIndex = 0; path = RhymeTime.app; sourceTree = BUILT_PRODUCTS_DIR; };
		28A0AAE50D9B0CCF005BE974 /* rhymeTimeNavigation_Prefix.pch */ = {isa = PBXFileReference; fileEncoding = 4; lastKnownFileType = sourcecode.c.h; path = rhymeTimeNavigation_Prefix.pch; sourceTree = "<group>"; };
		28AD735F0D9D9599002E5188 /* MainWindow.xib */ = {isa = PBXFileReference; lastKnownFileType = file.xib; path = MainWindow.xib; sourceTree = "<group>"; };
		28C286DF0D94DF7D0034E888 /* RootViewController.h */ = {isa = PBXFileReference; fileEncoding = 4; lastKnownFileType = sourcecode.c.h; path = RootViewController.h; sourceTree = "<group>"; };
		28C286E00D94DF7D0034E888 /* RootViewController.m */ = {isa = PBXFileReference; fileEncoding = 4; lastKnownFileType = sourcecode.c.objc; path = RootViewController.m; sourceTree = "<group>"; };
		28F335F01007B36200424DE2 /* MainViewController.xib */ = {isa = PBXFileReference; lastKnownFileType = file.xib; path = MainViewController.xib; sourceTree = "<group>"; };
		29B97316FDCFA39411CA2CEA /* main.m */ = {isa = PBXFileReference; fileEncoding = 4; lastKnownFileType = sourcecode.c.objc; path = main.m; sourceTree = "<group>"; };
		4309834111D63086003AA017 /* ActivityView.h */ = {isa = PBXFileReference; fileEncoding = 4; lastKnownFileType = sourcecode.c.h; path = ActivityView.h; sourceTree = "<group>"; };
		4309834211D63086003AA017 /* ActivityView.m */ = {isa = PBXFileReference; fileEncoding = 4; lastKnownFileType = sourcecode.c.objc; path = ActivityView.m; sourceTree = "<group>"; };
		4309838F11D6356D003AA017 /* NoResultsView.h */ = {isa = PBXFileReference; fileEncoding = 4; lastKnownFileType = sourcecode.c.h; path = NoResultsView.h; sourceTree = "<group>"; };
		4309839011D6356D003AA017 /* NoResultsView.m */ = {isa = PBXFileReference; fileEncoding = 4; lastKnownFileType = sourcecode.c.objc; path = NoResultsView.m; sourceTree = "<group>"; };
		43363BF811EB924D00114DD6 /* RhymeTimeTTStyleSheet.h */ = {isa = PBXFileReference; fileEncoding = 4; lastKnownFileType = sourcecode.c.h; path = RhymeTimeTTStyleSheet.h; sourceTree = "<group>"; };
		43363BF911EB924D00114DD6 /* RhymeTimeTTStyleSheet.m */ = {isa = PBXFileReference; fileEncoding = 4; lastKnownFileType = sourcecode.c.objc; path = RhymeTimeTTStyleSheet.m; sourceTree = "<group>"; };
		434D3CEC11B700B6004D7867 /* iPhoneArrow.png */ = {isa = PBXFileReference; lastKnownFileType = image.png; path = iPhoneArrow.png; sourceTree = "<group>"; };
		43650AEE11F61DC700E7F6A6 /* MainViewController.h */ = {isa = PBXFileReference; fileEncoding = 4; lastKnownFileType = sourcecode.c.h; path = MainViewController.h; sourceTree = "<group>"; };
		43650AEF11F61DC700E7F6A6 /* MainViewController.m */ = {isa = PBXFileReference; fileEncoding = 4; lastKnownFileType = sourcecode.c.objc; path = MainViewController.m; sourceTree = "<group>"; };
		4394AEFC11A9B2B800BE9DEC /* CoreData.framework */ = {isa = PBXFileReference; lastKnownFileType = wrapper.framework; name = CoreData.framework; path = Platforms/iPhoneOS.platform/Developer/SDKs/iPhoneOS4.0.sdk/System/Library/Frameworks/CoreData.framework; sourceTree = DEVELOPER_DIR; };
		4394AEFE11A9B2B800BE9DEC /* CoreGraphics.framework */ = {isa = PBXFileReference; lastKnownFileType = wrapper.framework; name = CoreGraphics.framework; path = Platforms/iPhoneOS.platform/Developer/SDKs/iPhoneOS4.0.sdk/System/Library/Frameworks/CoreGraphics.framework; sourceTree = DEVELOPER_DIR; };
		4394AF0011A9B2B800BE9DEC /* Foundation.framework */ = {isa = PBXFileReference; lastKnownFileType = wrapper.framework; name = Foundation.framework; path = Platforms/iPhoneOS.platform/Developer/SDKs/iPhoneOS4.0.sdk/System/Library/Frameworks/Foundation.framework; sourceTree = DEVELOPER_DIR; };
		4394AF0211A9B2B800BE9DEC /* QuartzCore.framework */ = {isa = PBXFileReference; lastKnownFileType = wrapper.framework; name = QuartzCore.framework; path = Platforms/iPhoneOS.platform/Developer/SDKs/iPhoneOS4.0.sdk/System/Library/Frameworks/QuartzCore.framework; sourceTree = DEVELOPER_DIR; };
		4394AF0411A9B2B800BE9DEC /* UIKit.framework */ = {isa = PBXFileReference; lastKnownFileType = wrapper.framework; name = UIKit.framework; path = Platforms/iPhoneOS.platform/Developer/SDKs/iPhoneOS4.0.sdk/System/Library/Frameworks/UIKit.framework; sourceTree = DEVELOPER_DIR; };
		43B81F9F1205CCD200C72ED6 /* Album.h */ = {isa = PBXFileReference; fileEncoding = 4; lastKnownFileType = sourcecode.c.h; path = Album.h; sourceTree = "<group>"; };
		43B81FA01205CCD200C72ED6 /* Album.m */ = {isa = PBXFileReference; fileEncoding = 4; lastKnownFileType = sourcecode.c.objc; path = Album.m; sourceTree = "<group>"; };
		43B81FA11205CCD200C72ED6 /* Artist.h */ = {isa = PBXFileReference; fileEncoding = 4; lastKnownFileType = sourcecode.c.h; path = Artist.h; sourceTree = "<group>"; };
		43B81FA21205CCD200C72ED6 /* Artist.m */ = {isa = PBXFileReference; fileEncoding = 4; lastKnownFileType = sourcecode.c.objc; path = Artist.m; sourceTree = "<group>"; };
		43B81FA31205CCD200C72ED6 /* Rhyme.h */ = {isa = PBXFileReference; fileEncoding = 4; lastKnownFileType = sourcecode.c.h; path = Rhyme.h; sourceTree = "<group>"; };
		43B81FA41205CCD200C72ED6 /* Rhyme.m */ = {isa = PBXFileReference; fileEncoding = 4; lastKnownFileType = sourcecode.c.objc; path = Rhyme.m; sourceTree = "<group>"; };
		43B81FA51205CCD200C72ED6 /* RhymePart.h */ = {isa = PBXFileReference; fileEncoding = 4; lastKnownFileType = sourcecode.c.h; path = RhymePart.h; sourceTree = "<group>"; };
		43B81FA61205CCD200C72ED6 /* RhymePart.m */ = {isa = PBXFileReference; fileEncoding = 4; lastKnownFileType = sourcecode.c.objc; path = RhymePart.m; sourceTree = "<group>"; };
		43B81FA71205CCD200C72ED6 /* Song.h */ = {isa = PBXFileReference; fileEncoding = 4; lastKnownFileType = sourcecode.c.h; path = Song.h; sourceTree = "<group>"; };
		43B81FA81205CCD200C72ED6 /* Song.m */ = {isa = PBXFileReference; fileEncoding = 4; lastKnownFileType = sourcecode.c.objc; path = Song.m; sourceTree = "<group>"; };
		43DC8CEC11CEB80B009EBD46 /* icon.png */ = {isa = PBXFileReference; lastKnownFileType = image.png; path = icon.png; sourceTree = "<group>"; };
		43DC8D0911CEBA84009EBD46 /* header.png */ = {isa = PBXFileReference; lastKnownFileType = image.png; path = header.png; sourceTree = "<group>"; };
		43DC8D5D11CEC925009EBD46 /* rhymeTime.sqlite */ = {isa = PBXFileReference; lastKnownFileType = file; path = rhymeTime.sqlite; sourceTree = "<group>"; };
		4632122F119EA0F300222659 /* RhymeDetailViewController.xib */ = {isa = PBXFileReference; lastKnownFileType = file.xib; path = RhymeDetailViewController.xib; sourceTree = "<group>"; };
		46321233119EA15300222659 /* RhymeDetailViewController.h */ = {isa = PBXFileReference; fileEncoding = 4; lastKnownFileType = sourcecode.c.h; path = RhymeDetailViewController.h; sourceTree = "<group>"; };
		46321234119EA15300222659 /* RhymeDetailViewController.m */ = {isa = PBXFileReference; fileEncoding = 4; lastKnownFileType = sourcecode.c.objc; path = RhymeDetailViewController.m; sourceTree = "<group>"; };
		468576AF11A0255900814B9E /* DataAccess.h */ = {isa = PBXFileReference; fileEncoding = 4; lastKnownFileType = sourcecode.c.h; path = DataAccess.h; sourceTree = "<group>"; };
		468576B011A0255900814B9E /* DataAccess.m */ = {isa = PBXFileReference; fileEncoding = 4; lastKnownFileType = sourcecode.c.objc; path = DataAccess.m; sourceTree = "<group>"; };
		468576B111A0255900814B9E /* HtmlBuilder.m */ = {isa = PBXFileReference; fileEncoding = 4; lastKnownFileType = sourcecode.c.objc; path = HtmlBuilder.m; sourceTree = "<group>"; };
		468576B211A0255900814B9E /* HtmlBuilder.h */ = {isa = PBXFileReference; fileEncoding = 4; lastKnownFileType = sourcecode.c.h; path = HtmlBuilder.h; sourceTree = "<group>"; };
		468576BC11A0257100814B9E /* rhymeTimeIPhonePrototype.xcdatamodel */ = {isa = PBXFileReference; fileEncoding = 4; lastKnownFileType = wrapper.xcdatamodel; path = rhymeTimeIPhonePrototype.xcdatamodel; sourceTree = "<group>"; };
		4685788411A02F8500814B9E /* Constants.h */ = {isa = PBXFileReference; fileEncoding = 4; lastKnownFileType = sourcecode.c.h; path = Constants.h; sourceTree = "<group>"; };
		46A0E86111E311C700FD2C7C /* AccDisclosure.png */ = {isa = PBXFileReference; lastKnownFileType = image.png; path = AccDisclosure.png; sourceTree = "<group>"; };
		46A0EDCD11E9EA0E00FD2C7C /* Three20.xcodeproj */ = {isa = PBXFileReference; lastKnownFileType = "wrapper.pb-project"; name = Three20.xcodeproj; path = ../three20/src/Three20/Three20.xcodeproj; sourceTree = SOURCE_ROOT; };
		46A0EE0F11E9EA6A00FD2C7C /* Three20Core.xcodeproj */ = {isa = PBXFileReference; lastKnownFileType = "wrapper.pb-project"; name = Three20Core.xcodeproj; path = ../three20/src/Three20Core/Three20Core.xcodeproj; sourceTree = SOURCE_ROOT; };
		46A0EE1211E9EA6A00FD2C7C /* Three20Network.xcodeproj */ = {isa = PBXFileReference; lastKnownFileType = "wrapper.pb-project"; name = Three20Network.xcodeproj; path = ../three20/src/Three20Network/Three20Network.xcodeproj; sourceTree = SOURCE_ROOT; };
		46A0EE1511E9EA6A00FD2C7C /* Three20Style.xcodeproj */ = {isa = PBXFileReference; lastKnownFileType = "wrapper.pb-project"; name = Three20Style.xcodeproj; path = ../three20/src/Three20Style/Three20Style.xcodeproj; sourceTree = SOURCE_ROOT; };
		46A0EE1811E9EA6A00FD2C7C /* Three20UICommon.xcodeproj */ = {isa = PBXFileReference; lastKnownFileType = "wrapper.pb-project"; name = Three20UICommon.xcodeproj; path = ../three20/src/Three20UICommon/Three20UICommon.xcodeproj; sourceTree = SOURCE_ROOT; };
		46A0EE1B11E9EA6A00FD2C7C /* Three20UINavigator.xcodeproj */ = {isa = PBXFileReference; lastKnownFileType = "wrapper.pb-project"; name = Three20UINavigator.xcodeproj; path = ../three20/src/Three20UINavigator/Three20UINavigator.xcodeproj; sourceTree = SOURCE_ROOT; };
		46A0EE1E11E9EA6A00FD2C7C /* Three20UI.xcodeproj */ = {isa = PBXFileReference; lastKnownFileType = "wrapper.pb-project"; name = Three20UI.xcodeproj; path = ../three20/src/Three20UI/Three20UI.xcodeproj; sourceTree = SOURCE_ROOT; };
		46A0EE5D11E9EB5700FD2C7C /* Three20.bundle */ = {isa = PBXFileReference; lastKnownFileType = "wrapper.plug-in"; name = Three20.bundle; path = ../three20/src/Three20.bundle; sourceTree = SOURCE_ROOT; };
		8D1107310486CEB800E47090 /* rhymeTimeNavigation-Info.plist */ = {isa = PBXFileReference; fileEncoding = 4; lastKnownFileType = text.plist.xml; path = "rhymeTimeNavigation-Info.plist"; plistStructureDefinitionIdentifier = "com.apple.xcode.plist.structure-definition.iphone.info-plist"; sourceTree = "<group>"; };
/* End PBXFileReference section */

/* Begin PBXFrameworksBuildPhase section */
		1D60588F0D05DD3D006BFB54 /* Frameworks */ = {
			isa = PBXFrameworksBuildPhase;
			buildActionMask = 2147483647;
			files = (
				4394AEFD11A9B2B800BE9DEC /* CoreData.framework in Frameworks */,
				4394AEFF11A9B2B800BE9DEC /* CoreGraphics.framework in Frameworks */,
				4394AF0111A9B2B800BE9DEC /* Foundation.framework in Frameworks */,
				4394AF0311A9B2B800BE9DEC /* QuartzCore.framework in Frameworks */,
				4394AF0511A9B2B800BE9DEC /* UIKit.framework in Frameworks */,
				46A0EE4511E9EAAC00FD2C7C /* libThree20.a in Frameworks */,
				46A0EE4611E9EAAD00FD2C7C /* libThree20Core.a in Frameworks */,
				46A0EE4711E9EAAE00FD2C7C /* libThree20Network.a in Frameworks */,
				46A0EE4811E9EAAF00FD2C7C /* libThree20Style.a in Frameworks */,
				46A0EE4911E9EAB000FD2C7C /* libThree20UI.a in Frameworks */,
				46A0EE4A11E9EAB100FD2C7C /* libThree20UICommon.a in Frameworks */,
				46A0EE4B11E9EAB300FD2C7C /* libThree20UINavigator.a in Frameworks */,
			);
			runOnlyForDeploymentPostprocessing = 0;
		};
/* End PBXFrameworksBuildPhase section */

/* Begin PBXGroup section */
		080E96DDFE201D6D7F000001 /* Classes */ = {
			isa = PBXGroup;
			children = (
				4309834011D63061003AA017 /* subViews */,
				468576AE11A0255900814B9E /* dao */,
				468576A511A0255800814B9E /* dto */,
				4685788411A02F8500814B9E /* Constants.h */,
				468576B111A0255900814B9E /* HtmlBuilder.m */,
				468576B211A0255900814B9E /* HtmlBuilder.h */,
				46321233119EA15300222659 /* RhymeDetailViewController.h */,
				46321234119EA15300222659 /* RhymeDetailViewController.m */,
				28C286DF0D94DF7D0034E888 /* RootViewController.h */,
				28C286E00D94DF7D0034E888 /* RootViewController.m */,
				1D3623240D0F684500981E51 /* AppDelegate.h */,
				1D3623250D0F684500981E51 /* AppDelegate.m */,
				43363BF811EB924D00114DD6 /* RhymeTimeTTStyleSheet.h */,
				43363BF911EB924D00114DD6 /* RhymeTimeTTStyleSheet.m */,
				43650AEE11F61DC700E7F6A6 /* MainViewController.h */,
				43650AEF11F61DC700E7F6A6 /* MainViewController.m */,
			);
			path = Classes;
			sourceTree = "<group>";
		};
		19C28FACFE9D520D11CA2CBB /* Products */ = {
			isa = PBXGroup;
			children = (
				1D6058910D05DD3D006BFB54 /* RhymeTime.app */,
			);
			name = Products;
			sourceTree = "<group>";
		};
		29B97314FDCFA39411CA2CEA /* CustomTemplate */ = {
			isa = PBXGroup;
			children = (
				46A0EE5D11E9EB5700FD2C7C /* Three20.bundle */,
				46A0EE0F11E9EA6A00FD2C7C /* Three20Core.xcodeproj */,
				46A0EE1211E9EA6A00FD2C7C /* Three20Network.xcodeproj */,
				46A0EE1511E9EA6A00FD2C7C /* Three20Style.xcodeproj */,
				46A0EE1811E9EA6A00FD2C7C /* Three20UICommon.xcodeproj */,
				46A0EE1B11E9EA6A00FD2C7C /* Three20UINavigator.xcodeproj */,
				46A0EE1E11E9EA6A00FD2C7C /* Three20UI.xcodeproj */,
				46A0EDCD11E9EA0E00FD2C7C /* Three20.xcodeproj */,
				080E96DDFE201D6D7F000001 /* Classes */,
				29B97315FDCFA39411CA2CEA /* Other Sources */,
				29B97317FDCFA39411CA2CEA /* Resources */,
				29B97323FDCFA39411CA2CEA /* Frameworks */,
				19C28FACFE9D520D11CA2CBB /* Products */,
			);
			name = CustomTemplate;
			sourceTree = "<group>";
		};
		29B97315FDCFA39411CA2CEA /* Other Sources */ = {
			isa = PBXGroup;
			children = (
				28A0AAE50D9B0CCF005BE974 /* rhymeTimeNavigation_Prefix.pch */,
				29B97316FDCFA39411CA2CEA /* main.m */,
			);
			name = "Other Sources";
			sourceTree = "<group>";
		};
		29B97317FDCFA39411CA2CEA /* Resources */ = {
			isa = PBXGroup;
			children = (
				46A0E86111E311C700FD2C7C /* AccDisclosure.png */,
				43DC8D5D11CEC925009EBD46 /* rhymeTime.sqlite */,
				43DC8D0911CEBA84009EBD46 /* header.png */,
				43DC8CEC11CEB80B009EBD46 /* icon.png */,
				434D3CEC11B700B6004D7867 /* iPhoneArrow.png */,
				468576BC11A0257100814B9E /* rhymeTimeIPhonePrototype.xcdatamodel */,
				28F335F01007B36200424DE2 /* MainViewController.xib */,
				28AD735F0D9D9599002E5188 /* MainWindow.xib */,
				8D1107310486CEB800E47090 /* rhymeTimeNavigation-Info.plist */,
				4632122F119EA0F300222659 /* RhymeDetailViewController.xib */,
			);
			name = Resources;
			sourceTree = "<group>";
		};
		29B97323FDCFA39411CA2CEA /* Frameworks */ = {
			isa = PBXGroup;
			children = (
				4394AEFC11A9B2B800BE9DEC /* CoreData.framework */,
				4394AEFE11A9B2B800BE9DEC /* CoreGraphics.framework */,
				4394AF0011A9B2B800BE9DEC /* Foundation.framework */,
				4394AF0211A9B2B800BE9DEC /* QuartzCore.framework */,
				4394AF0411A9B2B800BE9DEC /* UIKit.framework */,
			);
			name = Frameworks;
			sourceTree = "<group>";
		};
		4309834011D63061003AA017 /* subViews */ = {
			isa = PBXGroup;
			children = (
				4309834111D63086003AA017 /* ActivityView.h */,
				4309834211D63086003AA017 /* ActivityView.m */,
				4309838F11D6356D003AA017 /* NoResultsView.h */,
				4309839011D6356D003AA017 /* NoResultsView.m */,
			);
			name = subViews;
			sourceTree = "<group>";
		};
		468576A511A0255800814B9E /* dto */ = {
			isa = PBXGroup;
			children = (
				43B81F9F1205CCD200C72ED6 /* Album.h */,
				43B81FA01205CCD200C72ED6 /* Album.m */,
				43B81FA11205CCD200C72ED6 /* Artist.h */,
				43B81FA21205CCD200C72ED6 /* Artist.m */,
				43B81FA31205CCD200C72ED6 /* Rhyme.h */,
				43B81FA41205CCD200C72ED6 /* Rhyme.m */,
				43B81FA51205CCD200C72ED6 /* RhymePart.h */,
				43B81FA61205CCD200C72ED6 /* RhymePart.m */,
				43B81FA71205CCD200C72ED6 /* Song.h */,
				43B81FA81205CCD200C72ED6 /* Song.m */,
			);
			name = dto;
			sourceTree = "<group>";
		};
		468576AE11A0255900814B9E /* dao */ = {
			isa = PBXGroup;
			children = (
				468576AF11A0255900814B9E /* DataAccess.h */,
				468576B011A0255900814B9E /* DataAccess.m */,
			);
			name = dao;
			sourceTree = "<group>";
		};
		46A0EDCE11E9EA0E00FD2C7C /* Products */ = {
			isa = PBXGroup;
			children = (
				46A0EDF911E9EA0F00FD2C7C /* libThree20.a */,
				46A0EDFB11E9EA0F00FD2C7C /* UnitTests.octest */,
			);
			name = Products;
			sourceTree = "<group>";
		};
		46A0EE1011E9EA6A00FD2C7C /* Products */ = {
			isa = PBXGroup;
			children = (
				46A0EE2411E9EA6A00FD2C7C /* libThree20Core.a */,
				46A0EE2611E9EA6A00FD2C7C /* CoreUnitTests.octest */,
			);
			name = Products;
			sourceTree = "<group>";
		};
		46A0EE1311E9EA6A00FD2C7C /* Products */ = {
			isa = PBXGroup;
			children = (
				46A0EE2A11E9EA6A00FD2C7C /* libThree20Network.a */,
				46A0EE2C11E9EA6A00FD2C7C /* UnitTests.octest */,
			);
			name = Products;
			sourceTree = "<group>";
		};
		46A0EE1611E9EA6A00FD2C7C /* Products */ = {
			isa = PBXGroup;
			children = (
				46A0EE3011E9EA6A00FD2C7C /* libThree20Style.a */,
				46A0EE3211E9EA6A00FD2C7C /* UnitTests.octest */,
			);
			name = Products;
			sourceTree = "<group>";
		};
		46A0EE1911E9EA6A00FD2C7C /* Products */ = {
			isa = PBXGroup;
			children = (
				46A0EE3611E9EA6A00FD2C7C /* libThree20UICommon.a */,
				46A0EE3811E9EA6A00FD2C7C /* UnitTests.octest */,
			);
			name = Products;
			sourceTree = "<group>";
		};
		46A0EE1C11E9EA6A00FD2C7C /* Products */ = {
			isa = PBXGroup;
			children = (
				46A0EE3C11E9EA6A00FD2C7C /* libThree20UINavigator.a */,
				46A0EE3E11E9EA6A00FD2C7C /* UnitTests.octest */,
			);
			name = Products;
			sourceTree = "<group>";
		};
		46A0EE1F11E9EA6A00FD2C7C /* Products */ = {
			isa = PBXGroup;
			children = (
				46A0EE4211E9EA6A00FD2C7C /* libThree20UI.a */,
				46A0EE4411E9EA6A00FD2C7C /* UnitTests.octest */,
			);
			name = Products;
			sourceTree = "<group>";
		};
/* End PBXGroup section */

/* Begin PBXNativeTarget section */
		1D6058900D05DD3D006BFB54 /* RhymeTime */ = {
			isa = PBXNativeTarget;
			buildConfigurationList = 1D6058960D05DD3E006BFB54 /* Build configuration list for PBXNativeTarget "RhymeTime" */;
			buildPhases = (
				1D60588D0D05DD3D006BFB54 /* Resources */,
				1D60588E0D05DD3D006BFB54 /* Sources */,
				1D60588F0D05DD3D006BFB54 /* Frameworks */,
			);
			buildRules = (
			);
			dependencies = (
				46A0EE4F11E9EAF600FD2C7C /* PBXTargetDependency */,
				46A0EE5111E9EAF600FD2C7C /* PBXTargetDependency */,
				46A0EE5311E9EAF600FD2C7C /* PBXTargetDependency */,
				46A0EE5511E9EAF600FD2C7C /* PBXTargetDependency */,
				46A0EE5711E9EAF600FD2C7C /* PBXTargetDependency */,
				46A0EE5911E9EAF600FD2C7C /* PBXTargetDependency */,
				46A0EE5B11E9EAF600FD2C7C /* PBXTargetDependency */,
			);
			name = RhymeTime;
			productName = rhymeTimeNavigation;
			productReference = 1D6058910D05DD3D006BFB54 /* RhymeTime.app */;
			productType = "com.apple.product-type.application";
		};
/* End PBXNativeTarget section */

/* Begin PBXProject section */
		29B97313FDCFA39411CA2CEA /* Project object */ = {
			isa = PBXProject;
			buildConfigurationList = C01FCF4E08A954540054247B /* Build configuration list for PBXProject "rhymeTimeNavigation" */;
			compatibilityVersion = "Xcode 3.1";
			hasScannedForEncodings = 1;
			knownRegions = (
				English,
				Japanese,
				French,
				German,
				en,
			);
			mainGroup = 29B97314FDCFA39411CA2CEA /* CustomTemplate */;
			projectDirPath = "";
			projectReferences = (
				{
					ProductGroup = 46A0EDCE11E9EA0E00FD2C7C /* Products */;
					ProjectRef = 46A0EDCD11E9EA0E00FD2C7C /* Three20.xcodeproj */;
				},
				{
					ProductGroup = 46A0EE1011E9EA6A00FD2C7C /* Products */;
					ProjectRef = 46A0EE0F11E9EA6A00FD2C7C /* Three20Core.xcodeproj */;
				},
				{
					ProductGroup = 46A0EE1311E9EA6A00FD2C7C /* Products */;
					ProjectRef = 46A0EE1211E9EA6A00FD2C7C /* Three20Network.xcodeproj */;
				},
				{
					ProductGroup = 46A0EE1611E9EA6A00FD2C7C /* Products */;
					ProjectRef = 46A0EE1511E9EA6A00FD2C7C /* Three20Style.xcodeproj */;
				},
				{
					ProductGroup = 46A0EE1F11E9EA6A00FD2C7C /* Products */;
					ProjectRef = 46A0EE1E11E9EA6A00FD2C7C /* Three20UI.xcodeproj */;
				},
				{
					ProductGroup = 46A0EE1911E9EA6A00FD2C7C /* Products */;
					ProjectRef = 46A0EE1811E9EA6A00FD2C7C /* Three20UICommon.xcodeproj */;
				},
				{
					ProductGroup = 46A0EE1C11E9EA6A00FD2C7C /* Products */;
					ProjectRef = 46A0EE1B11E9EA6A00FD2C7C /* Three20UINavigator.xcodeproj */;
				},
			);
			projectRoot = "";
			targets = (
				1D6058900D05DD3D006BFB54 /* RhymeTime */,
			);
		};
/* End PBXProject section */

/* Begin PBXReferenceProxy section */
		46A0EDF911E9EA0F00FD2C7C /* libThree20.a */ = {
			isa = PBXReferenceProxy;
			fileType = archive.ar;
			path = libThree20.a;
			remoteRef = 46A0EDF811E9EA0F00FD2C7C /* PBXContainerItemProxy */;
			sourceTree = BUILT_PRODUCTS_DIR;
		};
		46A0EDFB11E9EA0F00FD2C7C /* UnitTests.octest */ = {
			isa = PBXReferenceProxy;
			fileType = wrapper.cfbundle;
			path = UnitTests.octest;
			remoteRef = 46A0EDFA11E9EA0F00FD2C7C /* PBXContainerItemProxy */;
			sourceTree = BUILT_PRODUCTS_DIR;
		};
		46A0EE2411E9EA6A00FD2C7C /* libThree20Core.a */ = {
			isa = PBXReferenceProxy;
			fileType = archive.ar;
			path = libThree20Core.a;
			remoteRef = 46A0EE2311E9EA6A00FD2C7C /* PBXContainerItemProxy */;
			sourceTree = BUILT_PRODUCTS_DIR;
		};
		46A0EE2611E9EA6A00FD2C7C /* CoreUnitTests.octest */ = {
			isa = PBXReferenceProxy;
			fileType = wrapper.cfbundle;
			path = CoreUnitTests.octest;
			remoteRef = 46A0EE2511E9EA6A00FD2C7C /* PBXContainerItemProxy */;
			sourceTree = BUILT_PRODUCTS_DIR;
		};
		46A0EE2A11E9EA6A00FD2C7C /* libThree20Network.a */ = {
			isa = PBXReferenceProxy;
			fileType = archive.ar;
			path = libThree20Network.a;
			remoteRef = 46A0EE2911E9EA6A00FD2C7C /* PBXContainerItemProxy */;
			sourceTree = BUILT_PRODUCTS_DIR;
		};
		46A0EE2C11E9EA6A00FD2C7C /* UnitTests.octest */ = {
			isa = PBXReferenceProxy;
			fileType = wrapper.cfbundle;
			path = UnitTests.octest;
			remoteRef = 46A0EE2B11E9EA6A00FD2C7C /* PBXContainerItemProxy */;
			sourceTree = BUILT_PRODUCTS_DIR;
		};
		46A0EE3011E9EA6A00FD2C7C /* libThree20Style.a */ = {
			isa = PBXReferenceProxy;
			fileType = archive.ar;
			path = libThree20Style.a;
			remoteRef = 46A0EE2F11E9EA6A00FD2C7C /* PBXContainerItemProxy */;
			sourceTree = BUILT_PRODUCTS_DIR;
		};
		46A0EE3211E9EA6A00FD2C7C /* UnitTests.octest */ = {
			isa = PBXReferenceProxy;
			fileType = wrapper.cfbundle;
			path = UnitTests.octest;
			remoteRef = 46A0EE3111E9EA6A00FD2C7C /* PBXContainerItemProxy */;
			sourceTree = BUILT_PRODUCTS_DIR;
		};
		46A0EE3611E9EA6A00FD2C7C /* libThree20UICommon.a */ = {
			isa = PBXReferenceProxy;
			fileType = archive.ar;
			path = libThree20UICommon.a;
			remoteRef = 46A0EE3511E9EA6A00FD2C7C /* PBXContainerItemProxy */;
			sourceTree = BUILT_PRODUCTS_DIR;
		};
		46A0EE3811E9EA6A00FD2C7C /* UnitTests.octest */ = {
			isa = PBXReferenceProxy;
			fileType = wrapper.cfbundle;
			path = UnitTests.octest;
			remoteRef = 46A0EE3711E9EA6A00FD2C7C /* PBXContainerItemProxy */;
			sourceTree = BUILT_PRODUCTS_DIR;
		};
		46A0EE3C11E9EA6A00FD2C7C /* libThree20UINavigator.a */ = {
			isa = PBXReferenceProxy;
			fileType = archive.ar;
			path = libThree20UINavigator.a;
			remoteRef = 46A0EE3B11E9EA6A00FD2C7C /* PBXContainerItemProxy */;
			sourceTree = BUILT_PRODUCTS_DIR;
		};
		46A0EE3E11E9EA6A00FD2C7C /* UnitTests.octest */ = {
			isa = PBXReferenceProxy;
			fileType = wrapper.cfbundle;
			path = UnitTests.octest;
			remoteRef = 46A0EE3D11E9EA6A00FD2C7C /* PBXContainerItemProxy */;
			sourceTree = BUILT_PRODUCTS_DIR;
		};
		46A0EE4211E9EA6A00FD2C7C /* libThree20UI.a */ = {
			isa = PBXReferenceProxy;
			fileType = archive.ar;
			path = libThree20UI.a;
			remoteRef = 46A0EE4111E9EA6A00FD2C7C /* PBXContainerItemProxy */;
			sourceTree = BUILT_PRODUCTS_DIR;
		};
		46A0EE4411E9EA6A00FD2C7C /* UnitTests.octest */ = {
			isa = PBXReferenceProxy;
			fileType = wrapper.cfbundle;
			path = UnitTests.octest;
			remoteRef = 46A0EE4311E9EA6A00FD2C7C /* PBXContainerItemProxy */;
			sourceTree = BUILT_PRODUCTS_DIR;
		};
/* End PBXReferenceProxy section */

/* Begin PBXResourcesBuildPhase section */
		1D60588D0D05DD3D006BFB54 /* Resources */ = {
			isa = PBXResourcesBuildPhase;
			buildActionMask = 2147483647;
			files = (
				28AD73600D9D9599002E5188 /* MainWindow.xib in Resources */,
				28F335F11007B36200424DE2 /* MainViewController.xib in Resources */,
				46321230119EA0F300222659 /* RhymeDetailViewController.xib in Resources */,
				434D3CED11B700B6004D7867 /* iPhoneArrow.png in Resources */,
				43DC8CEE11CEB80B009EBD46 /* icon.png in Resources */,
				43DC8D0A11CEBA84009EBD46 /* header.png in Resources */,
				43DC8D5E11CEC925009EBD46 /* rhymeTime.sqlite in Resources */,
				46A0E86211E311C700FD2C7C /* AccDisclosure.png in Resources */,
				46A0EE5E11E9EB5700FD2C7C /* Three20.bundle in Resources */,
			);
			runOnlyForDeploymentPostprocessing = 0;
		};
/* End PBXResourcesBuildPhase section */

/* Begin PBXSourcesBuildPhase section */
		1D60588E0D05DD3D006BFB54 /* Sources */ = {
			isa = PBXSourcesBuildPhase;
			buildActionMask = 2147483647;
			files = (
				1D60589B0D05DD56006BFB54 /* main.m in Sources */,
				1D3623260D0F684500981E51 /* AppDelegate.m in Sources */,
				28C286E10D94DF7D0034E888 /* RootViewController.m in Sources */,
				46321235119EA15300222659 /* RhymeDetailViewController.m in Sources */,
				468576B911A0255900814B9E /* DataAccess.m in Sources */,
				468576BA11A0255900814B9E /* HtmlBuilder.m in Sources */,
				468576BE11A0257100814B9E /* rhymeTimeIPhonePrototype.xcdatamodel in Sources */,
				4309834311D63086003AA017 /* ActivityView.m in Sources */,
				4309839111D6356D003AA017 /* NoResultsView.m in Sources */,
				43363BFA11EB924D00114DD6 /* RhymeTimeTTStyleSheet.m in Sources */,
				43650AF011F61DC700E7F6A6 /* MainViewController.m in Sources */,
				43B81FA91205CCD200C72ED6 /* Album.m in Sources */,
				43B81FAA1205CCD200C72ED6 /* Artist.m in Sources */,
				43B81FAB1205CCD200C72ED6 /* Rhyme.m in Sources */,
				43B81FAC1205CCD200C72ED6 /* RhymePart.m in Sources */,
				43B81FAD1205CCD200C72ED6 /* Song.m in Sources */,
			);
			runOnlyForDeploymentPostprocessing = 0;
		};
/* End PBXSourcesBuildPhase section */

/* Begin PBXTargetDependency section */
		46A0EE4F11E9EAF600FD2C7C /* PBXTargetDependency */ = {
			isa = PBXTargetDependency;
			name = Three20;
			targetProxy = 46A0EE4E11E9EAF600FD2C7C /* PBXContainerItemProxy */;
		};
		46A0EE5111E9EAF600FD2C7C /* PBXTargetDependency */ = {
			isa = PBXTargetDependency;
			name = Three20Core;
			targetProxy = 46A0EE5011E9EAF600FD2C7C /* PBXContainerItemProxy */;
		};
		46A0EE5311E9EAF600FD2C7C /* PBXTargetDependency */ = {
			isa = PBXTargetDependency;
			name = Three20Network;
			targetProxy = 46A0EE5211E9EAF600FD2C7C /* PBXContainerItemProxy */;
		};
		46A0EE5511E9EAF600FD2C7C /* PBXTargetDependency */ = {
			isa = PBXTargetDependency;
			name = Three20Style;
			targetProxy = 46A0EE5411E9EAF600FD2C7C /* PBXContainerItemProxy */;
		};
		46A0EE5711E9EAF600FD2C7C /* PBXTargetDependency */ = {
			isa = PBXTargetDependency;
			name = Three20UICommon;
			targetProxy = 46A0EE5611E9EAF600FD2C7C /* PBXContainerItemProxy */;
		};
		46A0EE5911E9EAF600FD2C7C /* PBXTargetDependency */ = {
			isa = PBXTargetDependency;
			name = Three20UINavigator;
			targetProxy = 46A0EE5811E9EAF600FD2C7C /* PBXContainerItemProxy */;
		};
		46A0EE5B11E9EAF600FD2C7C /* PBXTargetDependency */ = {
			isa = PBXTargetDependency;
			name = Three20UI;
			targetProxy = 46A0EE5A11E9EAF600FD2C7C /* PBXContainerItemProxy */;
		};
/* End PBXTargetDependency section */

/* Begin XCBuildConfiguration section */
		1D6058940D05DD3E006BFB54 /* Debug */ = {
			isa = XCBuildConfiguration;
			buildSettings = {
				ALWAYS_SEARCH_USER_PATHS = NO;
				COPY_PHASE_STRIP = NO;
				GCC_DYNAMIC_NO_PIC = NO;
				GCC_OPTIMIZATION_LEVEL = 0;
				GCC_PRECOMPILE_PREFIX_HEADER = YES;
				GCC_PREFIX_HEADER = rhymeTimeNavigation_Prefix.pch;
				INFOPLIST_FILE = "rhymeTimeNavigation-Info.plist";
				PRODUCT_NAME = RhymeTime;
			};
			name = Debug;
		};
		1D6058950D05DD3E006BFB54 /* Release */ = {
			isa = XCBuildConfiguration;
			buildSettings = {
				ALWAYS_SEARCH_USER_PATHS = NO;
				COPY_PHASE_STRIP = YES;
				GCC_PRECOMPILE_PREFIX_HEADER = YES;
				GCC_PREFIX_HEADER = rhymeTimeNavigation_Prefix.pch;
				INFOPLIST_FILE = "rhymeTimeNavigation-Info.plist";
				PRODUCT_NAME = rhymeTimeNavigation;
			};
			name = Release;
		};
		C01FCF4F08A954540054247B /* Debug */ = {
			isa = XCBuildConfiguration;
			buildSettings = {
				ARCHS = "$(ARCHS_STANDARD_32_BIT)";
				"CODE_SIGN_IDENTITY[sdk=iphoneos*]" = "iPhone Developer";
				GCC_C_LANGUAGE_STANDARD = c99;
				GCC_WARN_ABOUT_RETURN_TYPE = YES;
				GCC_WARN_UNUSED_VARIABLE = YES;
				HEADER_SEARCH_PATHS = ../three20/Build/Products/three20;
				IPHONEOS_DEPLOYMENT_TARGET = 3.1.3;
				MACOSX_DEPLOYMENT_TARGET = 10.5;
				ONLY_ACTIVE_ARCH = YES;
				OTHER_LDFLAGS = (
					"-ObjC",
					"-all_load",
				);
				PREBINDING = NO;
				"PROVISIONING_PROFILE[sdk=iphoneos*]" = "";
				SDKROOT = iphoneos4.0;
			};
			name = Debug;
		};
		C01FCF5008A954540054247B /* Release */ = {
			isa = XCBuildConfiguration;
			buildSettings = {
				ARCHS = "$(ARCHS_STANDARD_32_BIT)";
				"CODE_SIGN_IDENTITY[sdk=iphoneos*]" = "iPhone Developer";
				GCC_C_LANGUAGE_STANDARD = c99;
				GCC_WARN_ABOUT_RETURN_TYPE = YES;
				GCC_WARN_UNUSED_VARIABLE = YES;
				IPHONEOS_DEPLOYMENT_TARGET = 3.1.3;
				ONLY_ACTIVE_ARCH = YES;
				PREBINDING = NO;
				SDKROOT = iphoneos4.0;
				VALID_ARCHS = armv6;
			};
			name = Release;
		};
/* End XCBuildConfiguration section */

/* Begin XCConfigurationList section */
		1D6058960D05DD3E006BFB54 /* Build configuration list for PBXNativeTarget "RhymeTime" */ = {
			isa = XCConfigurationList;
			buildConfigurations = (
				1D6058940D05DD3E006BFB54 /* Debug */,
				1D6058950D05DD3E006BFB54 /* Release */,
			);
			defaultConfigurationIsVisible = 0;
			defaultConfigurationName = Release;
		};
		C01FCF4E08A954540054247B /* Build configuration list for PBXProject "rhymeTimeNavigation" */ = {
			isa = XCConfigurationList;
			buildConfigurations = (
				C01FCF4F08A954540054247B /* Debug */,
				C01FCF5008A954540054247B /* Release */,
			);
			defaultConfigurationIsVisible = 0;
			defaultConfigurationName = Release;
		};
/* End XCConfigurationList section */
	};
	rootObject = 29B97313FDCFA39411CA2CEA /* Project object */;
}
